// !$*UTF8*$!
{
	archiveVersion = 1;
	classes = {
	};
	objectVersion = 56;
	objects = {

/* Begin PBXBuildFile section */
		551405342B9501B600503711 /* FavouriteForecastEntity+CoreDataClass.swift in Sources */ = {isa = PBXBuildFile; fileRef = 551405282B9501B600503711 /* FavouriteForecastEntity+CoreDataClass.swift */; };
		551405352B9501B600503711 /* FavouriteForecastEntity+CoreDataProperties.swift in Sources */ = {isa = PBXBuildFile; fileRef = 551405292B9501B600503711 /* FavouriteForecastEntity+CoreDataProperties.swift */; };
		551405362B9501B600503711 /* FavouritesEntity+CoreDataClass.swift in Sources */ = {isa = PBXBuildFile; fileRef = 5514052A2B9501B600503711 /* FavouritesEntity+CoreDataClass.swift */; };
		551405372B9501B600503711 /* FavouritesEntity+CoreDataProperties.swift in Sources */ = {isa = PBXBuildFile; fileRef = 5514052B2B9501B600503711 /* FavouritesEntity+CoreDataProperties.swift */; };
		551405382B9501B600503711 /* WeatherEntity+CoreDataClass.swift in Sources */ = {isa = PBXBuildFile; fileRef = 5514052C2B9501B600503711 /* WeatherEntity+CoreDataClass.swift */; };
		551405392B9501B600503711 /* WeatherEntity+CoreDataProperties.swift in Sources */ = {isa = PBXBuildFile; fileRef = 5514052D2B9501B600503711 /* WeatherEntity+CoreDataProperties.swift */; };
		5514053A2B9501B600503711 /* ForecastEntity+CoreDataClass.swift in Sources */ = {isa = PBXBuildFile; fileRef = 5514052E2B9501B600503711 /* ForecastEntity+CoreDataClass.swift */; };
		5514053B2B9501B600503711 /* ForecastEntity+CoreDataProperties.swift in Sources */ = {isa = PBXBuildFile; fileRef = 5514052F2B9501B600503711 /* ForecastEntity+CoreDataProperties.swift */; };
		5514053C2B9501B600503711 /* CacheEntity+CoreDataClass.swift in Sources */ = {isa = PBXBuildFile; fileRef = 551405302B9501B600503711 /* CacheEntity+CoreDataClass.swift */; };
		5514053D2B9501B600503711 /* CacheEntity+CoreDataProperties.swift in Sources */ = {isa = PBXBuildFile; fileRef = 551405312B9501B600503711 /* CacheEntity+CoreDataProperties.swift */; };
		5514053E2B9501B600503711 /* FavouriteWeatherEntity+CoreDataClass.swift in Sources */ = {isa = PBXBuildFile; fileRef = 551405322B9501B600503711 /* FavouriteWeatherEntity+CoreDataClass.swift */; };
		5514053F2B9501B600503711 /* FavouriteWeatherEntity+CoreDataProperties.swift in Sources */ = {isa = PBXBuildFile; fileRef = 551405332B9501B600503711 /* FavouriteWeatherEntity+CoreDataProperties.swift */; };
		551405422B95B39000503711 /* RemoteWeatherLoaderTests.swift in Sources */ = {isa = PBXBuildFile; fileRef = 551405412B95B39000503711 /* RemoteWeatherLoaderTests.swift */; };
		551405482B95B3BF00503711 /* XCTests+MemoryLeakTrackingUtils.swift in Sources */ = {isa = PBXBuildFile; fileRef = 551405442B95B3BF00503711 /* XCTests+MemoryLeakTrackingUtils.swift */; };
		551405492B95B3BF00503711 /* Error+Utils.swift in Sources */ = {isa = PBXBuildFile; fileRef = 551405452B95B3BF00503711 /* Error+Utils.swift */; };
		5514054A2B95B3BF00503711 /* XCTestCase+TestingUtils.swift in Sources */ = {isa = PBXBuildFile; fileRef = 551405462B95B3BF00503711 /* XCTestCase+TestingUtils.swift */; };
		5514054B2B95B3BF00503711 /* Weather+Utils.swift in Sources */ = {isa = PBXBuildFile; fileRef = 551405472B95B3BF00503711 /* Weather+Utils.swift */; };
		5514055B2B95B5B800503711 /* response.json in Resources */ = {isa = PBXBuildFile; fileRef = 551405592B95B5B800503711 /* response.json */; };
		5514055C2B95B5B800503711 /* PSWeatherLoaderAPIEndToEndTests.swift in Sources */ = {isa = PBXBuildFile; fileRef = 5514055A2B95B5B800503711 /* PSWeatherLoaderAPIEndToEndTests.swift */; };
		5514055E2B95B61500503711 /* Weather+Utils.swift in Sources */ = {isa = PBXBuildFile; fileRef = 551405472B95B3BF00503711 /* Weather+Utils.swift */; };
		5514055F2B95B61500503711 /* Error+Utils.swift in Sources */ = {isa = PBXBuildFile; fileRef = 551405452B95B3BF00503711 /* Error+Utils.swift */; };
		551405602B95B61500503711 /* XCTestCase+TestingUtils.swift in Sources */ = {isa = PBXBuildFile; fileRef = 551405462B95B3BF00503711 /* XCTestCase+TestingUtils.swift */; };
		551405612B95B61500503711 /* XCTests+MemoryLeakTrackingUtils.swift in Sources */ = {isa = PBXBuildFile; fileRef = 551405442B95B3BF00503711 /* XCTests+MemoryLeakTrackingUtils.swift */; };
		551405642B95B69100503711 /* LocalWeatherLoaderTests.swift in Sources */ = {isa = PBXBuildFile; fileRef = 551405632B95B69100503711 /* LocalWeatherLoaderTests.swift */; };
		551405662B95BAF200503711 /* Date+Utils.swift in Sources */ = {isa = PBXBuildFile; fileRef = 551405652B95BAF200503711 /* Date+Utils.swift */; };
		551405692B95BD1D00503711 /* WeatherListViewModelTests.swift in Sources */ = {isa = PBXBuildFile; fileRef = 551405682B95BD1D00503711 /* WeatherListViewModelTests.swift */; };
		5514056C2B95C0B600503711 /* WeatherDetailsViewModelTests.swift in Sources */ = {isa = PBXBuildFile; fileRef = 5514056B2B95C0B600503711 /* WeatherDetailsViewModelTests.swift */; };
		5514056F2B95C21200503711 /* FavouritesViewModelTests.swift in Sources */ = {isa = PBXBuildFile; fileRef = 5514056E2B95C21200503711 /* FavouritesViewModelTests.swift */; };
		551405712B95C30F00503711 /* WeatherListViewControllerTests.swift in Sources */ = {isa = PBXBuildFile; fileRef = 551405702B95C30F00503711 /* WeatherListViewControllerTests.swift */; };
		5514058C2B95E1E600503711 /* UIColor+Extensions.swift in Sources */ = {isa = PBXBuildFile; fileRef = 5514058B2B95E1E600503711 /* UIColor+Extensions.swift */; };
		55E36BF52B93625C00CC9AEC /* AppDelegate.swift in Sources */ = {isa = PBXBuildFile; fileRef = 55E36BF42B93625C00CC9AEC /* AppDelegate.swift */; };
		55E36BF72B93625C00CC9AEC /* SceneDelegate.swift in Sources */ = {isa = PBXBuildFile; fileRef = 55E36BF62B93625C00CC9AEC /* SceneDelegate.swift */; };
		55E36BF92B93625C00CC9AEC /* MainTabBarViewController.swift in Sources */ = {isa = PBXBuildFile; fileRef = 55E36BF82B93625C00CC9AEC /* MainTabBarViewController.swift */; };
		55E36BFE2B93625E00CC9AEC /* Assets.xcassets in Resources */ = {isa = PBXBuildFile; fileRef = 55E36BFD2B93625E00CC9AEC /* Assets.xcassets */; };
		55E36C012B93625E00CC9AEC /* LaunchScreen.storyboard in Resources */ = {isa = PBXBuildFile; fileRef = 55E36BFF2B93625E00CC9AEC /* LaunchScreen.storyboard */; };
		55E36C0C2B93625E00CC9AEC /* PSWeatherAppTests.swift in Sources */ = {isa = PBXBuildFile; fileRef = 55E36C0B2B93625E00CC9AEC /* PSWeatherAppTests.swift */; };
		55E36C162B93625E00CC9AEC /* PSWeatherAppUITests.swift in Sources */ = {isa = PBXBuildFile; fileRef = 55E36C152B93625E00CC9AEC /* PSWeatherAppUITests.swift */; };
		55E36C182B93625E00CC9AEC /* PSWeatherAppUITestsLaunchTests.swift in Sources */ = {isa = PBXBuildFile; fileRef = 55E36C172B93625E00CC9AEC /* PSWeatherAppUITestsLaunchTests.swift */; };
		55E36C2B2B93635E00CC9AEC /* Weather.swift in Sources */ = {isa = PBXBuildFile; fileRef = 55E36C2A2B93635E00CC9AEC /* Weather.swift */; };
		55E36C2D2B93638000CC9AEC /* WeatherLoader.swift in Sources */ = {isa = PBXBuildFile; fileRef = 55E36C2C2B93638000CC9AEC /* WeatherLoader.swift */; };
		55E36C2F2B9363D700CC9AEC /* RemoteWeatherLoader.swift in Sources */ = {isa = PBXBuildFile; fileRef = 55E36C2E2B9363D700CC9AEC /* RemoteWeatherLoader.swift */; };
		55E36C322B93647900CC9AEC /* HTTPClient.swift in Sources */ = {isa = PBXBuildFile; fileRef = 55E36C312B93647900CC9AEC /* HTTPClient.swift */; };
		55E36C342B93652400CC9AEC /* WeatherItemsMapper.swift in Sources */ = {isa = PBXBuildFile; fileRef = 55E36C332B93652400CC9AEC /* WeatherItemsMapper.swift */; };
		55E36C382B93657900CC9AEC /* LocalWeatherLoader.swift in Sources */ = {isa = PBXBuildFile; fileRef = 55E36C372B93657900CC9AEC /* LocalWeatherLoader.swift */; };
		55E36C3A2B9365BA00CC9AEC /* WeatherStore.swift in Sources */ = {isa = PBXBuildFile; fileRef = 55E36C392B9365BA00CC9AEC /* WeatherStore.swift */; };
		55E36C3E2B936B0900CC9AEC /* WeatherCachePolicy.swift in Sources */ = {isa = PBXBuildFile; fileRef = 55E36C3D2B936B0900CC9AEC /* WeatherCachePolicy.swift */; };
		55E36C432B936C5C00CC9AEC /* WeatherListViewController.swift in Sources */ = {isa = PBXBuildFile; fileRef = 55E36C422B936C5C00CC9AEC /* WeatherListViewController.swift */; };
		55E36C452B93AAE900CC9AEC /* WeatherListViewModel.swift in Sources */ = {isa = PBXBuildFile; fileRef = 55E36C442B93AAE900CC9AEC /* WeatherListViewModel.swift */; };
		55E36C472B93AEC300CC9AEC /* RemoteWithLocalFallbackWeatherLoader.swift in Sources */ = {isa = PBXBuildFile; fileRef = 55E36C462B93AEC300CC9AEC /* RemoteWithLocalFallbackWeatherLoader.swift */; };
		55E36C492B93B44100CC9AEC /* CoreDataWeatherStore.swift in Sources */ = {isa = PBXBuildFile; fileRef = 55E36C482B93B44100CC9AEC /* CoreDataWeatherStore.swift */; };
		55E36C4C2B93C6DC00CC9AEC /* WeatherDataModel.xcdatamodeld in Sources */ = {isa = PBXBuildFile; fileRef = 55E36C4A2B93C6DC00CC9AEC /* WeatherDataModel.xcdatamodeld */; };
		55E36C6C2B93D0EE00CC9AEC /* URLSessionHTTPClient.swift in Sources */ = {isa = PBXBuildFile; fileRef = 55E36C6B2B93D0EE00CC9AEC /* URLSessionHTTPClient.swift */; };
		55E36C6E2B944F9600CC9AEC /* WeatherEndPoint.swift in Sources */ = {isa = PBXBuildFile; fileRef = 55E36C6D2B944F9600CC9AEC /* WeatherEndPoint.swift */; };
		55E36CD12B94946700CC9AEC /* PSWeatherInfoItemView.swift in Sources */ = {isa = PBXBuildFile; fileRef = 55E36CD02B94946700CC9AEC /* PSWeatherInfoItemView.swift */; };
		55E36CD32B94961500CC9AEC /* WeatherListView.swift in Sources */ = {isa = PBXBuildFile; fileRef = 55E36CD22B94961500CC9AEC /* WeatherListView.swift */; };
		55E36CD62B94965700CC9AEC /* WeatherListCell.swift in Sources */ = {isa = PBXBuildFile; fileRef = 55E36CD52B94965700CC9AEC /* WeatherListCell.swift */; };
		55E36CD82B94966D00CC9AEC /* PSHeaderLabel.swift in Sources */ = {isa = PBXBuildFile; fileRef = 55E36CD72B94966D00CC9AEC /* PSHeaderLabel.swift */; };
		55E36CDD2B949C5300CC9AEC /* UIViewController+Alert.swift in Sources */ = {isa = PBXBuildFile; fileRef = 55E36CDC2B949C5300CC9AEC /* UIViewController+Alert.swift */; };
		55E36CDF2B94A0FD00CC9AEC /* WeatherDescription+Color.swift in Sources */ = {isa = PBXBuildFile; fileRef = 55E36CDE2B94A0FD00CC9AEC /* WeatherDescription+Color.swift */; };
		55E36CE22B94A8D700CC9AEC /* String+Extensions.swift in Sources */ = {isa = PBXBuildFile; fileRef = 55E36CE12B94A8D700CC9AEC /* String+Extensions.swift */; };
		55E36CE42B94B13D00CC9AEC /* UIView+AnimationUtils.swift in Sources */ = {isa = PBXBuildFile; fileRef = 55E36CE32B94B13D00CC9AEC /* UIView+AnimationUtils.swift */; };
		55E36CE62B94B34E00CC9AEC /* WeatherDetailsViewController.swift in Sources */ = {isa = PBXBuildFile; fileRef = 55E36CE52B94B34E00CC9AEC /* WeatherDetailsViewController.swift */; };
		55E36CE92B94B36B00CC9AEC /* WeatherDetailsView.swift in Sources */ = {isa = PBXBuildFile; fileRef = 55E36CE82B94B36B00CC9AEC /* WeatherDetailsView.swift */; };
		55E36CF12B94B7A100CC9AEC /* WeatherDetailsForecastCollectionViewCell.swift in Sources */ = {isa = PBXBuildFile; fileRef = 55E36CF02B94B7A100CC9AEC /* WeatherDetailsForecastCollectionViewCell.swift */; };
		55E36CF32B94C0BB00CC9AEC /* WeatherDetailViewModel.swift in Sources */ = {isa = PBXBuildFile; fileRef = 55E36CF22B94C0BB00CC9AEC /* WeatherDetailViewModel.swift */; };
		55E36CF52B94C8E100CC9AEC /* FavouritesViewController.swift in Sources */ = {isa = PBXBuildFile; fileRef = 55E36CF42B94C8E100CC9AEC /* FavouritesViewController.swift */; };
		55E36CF72B94CF1E00CC9AEC /* UIView+Gradient.swift in Sources */ = {isa = PBXBuildFile; fileRef = 55E36CF62B94CF1E00CC9AEC /* UIView+Gradient.swift */; };
		55E36CF92B94D99000CC9AEC /* NSMutableAttributedString+Extensions.swift in Sources */ = {isa = PBXBuildFile; fileRef = 55E36CF82B94D99000CC9AEC /* NSMutableAttributedString+Extensions.swift */; };
		55E36CFB2B94DAB200CC9AEC /* Date+Extensions.swift in Sources */ = {isa = PBXBuildFile; fileRef = 55E36CFA2B94DAB200CC9AEC /* Date+Extensions.swift */; };
		55E36CFF2B94EC5100CC9AEC /* FavouritesView.swift in Sources */ = {isa = PBXBuildFile; fileRef = 55E36CFE2B94EC5100CC9AEC /* FavouritesView.swift */; };
		55E36D022B94EC8E00CC9AEC /* FavouritesTableViewCell.swift in Sources */ = {isa = PBXBuildFile; fileRef = 55E36D012B94EC8E00CC9AEC /* FavouritesTableViewCell.swift */; };
		55E36D042B94ED8900CC9AEC /* FavouritesViewModel.swift in Sources */ = {isa = PBXBuildFile; fileRef = 55E36D032B94ED8900CC9AEC /* FavouritesViewModel.swift */; };
		55E36D062B94EF8C00CC9AEC /* FavouriteWeatherStore.swift in Sources */ = {isa = PBXBuildFile; fileRef = 55E36D052B94EF8C00CC9AEC /* FavouriteWeatherStore.swift */; };
		55E36D082B94F66500CC9AEC /* FavouriteWeatherManager.swift in Sources */ = {isa = PBXBuildFile; fileRef = 55E36D072B94F66500CC9AEC /* FavouriteWeatherManager.swift */; };
/* End PBXBuildFile section */

/* Begin PBXContainerItemProxy section */
		551405542B95B5AF00503711 /* PBXContainerItemProxy */ = {
			isa = PBXContainerItemProxy;
			containerPortal = 55E36BE92B93625C00CC9AEC /* Project object */;
			proxyType = 1;
			remoteGlobalIDString = 55E36BF02B93625C00CC9AEC;
			remoteInfo = PSWeatherApp;
		};
		55E36C082B93625E00CC9AEC /* PBXContainerItemProxy */ = {
			isa = PBXContainerItemProxy;
			containerPortal = 55E36BE92B93625C00CC9AEC /* Project object */;
			proxyType = 1;
			remoteGlobalIDString = 55E36BF02B93625C00CC9AEC;
			remoteInfo = PSWeatherApp;
		};
		55E36C122B93625E00CC9AEC /* PBXContainerItemProxy */ = {
			isa = PBXContainerItemProxy;
			containerPortal = 55E36BE92B93625C00CC9AEC /* Project object */;
			proxyType = 1;
			remoteGlobalIDString = 55E36BF02B93625C00CC9AEC;
			remoteInfo = PSWeatherApp;
		};
/* End PBXContainerItemProxy section */

/* Begin PBXFileReference section */
		551405282B9501B600503711 /* FavouriteForecastEntity+CoreDataClass.swift */ = {isa = PBXFileReference; lastKnownFileType = sourcecode.swift; path = "FavouriteForecastEntity+CoreDataClass.swift"; sourceTree = "<group>"; };
		551405292B9501B600503711 /* FavouriteForecastEntity+CoreDataProperties.swift */ = {isa = PBXFileReference; lastKnownFileType = sourcecode.swift; path = "FavouriteForecastEntity+CoreDataProperties.swift"; sourceTree = "<group>"; };
		5514052A2B9501B600503711 /* FavouritesEntity+CoreDataClass.swift */ = {isa = PBXFileReference; lastKnownFileType = sourcecode.swift; path = "FavouritesEntity+CoreDataClass.swift"; sourceTree = "<group>"; };
		5514052B2B9501B600503711 /* FavouritesEntity+CoreDataProperties.swift */ = {isa = PBXFileReference; lastKnownFileType = sourcecode.swift; path = "FavouritesEntity+CoreDataProperties.swift"; sourceTree = "<group>"; };
		5514052C2B9501B600503711 /* WeatherEntity+CoreDataClass.swift */ = {isa = PBXFileReference; lastKnownFileType = sourcecode.swift; path = "WeatherEntity+CoreDataClass.swift"; sourceTree = "<group>"; };
		5514052D2B9501B600503711 /* WeatherEntity+CoreDataProperties.swift */ = {isa = PBXFileReference; lastKnownFileType = sourcecode.swift; path = "WeatherEntity+CoreDataProperties.swift"; sourceTree = "<group>"; };
		5514052E2B9501B600503711 /* ForecastEntity+CoreDataClass.swift */ = {isa = PBXFileReference; lastKnownFileType = sourcecode.swift; path = "ForecastEntity+CoreDataClass.swift"; sourceTree = "<group>"; };
		5514052F2B9501B600503711 /* ForecastEntity+CoreDataProperties.swift */ = {isa = PBXFileReference; lastKnownFileType = sourcecode.swift; path = "ForecastEntity+CoreDataProperties.swift"; sourceTree = "<group>"; };
		551405302B9501B600503711 /* CacheEntity+CoreDataClass.swift */ = {isa = PBXFileReference; lastKnownFileType = sourcecode.swift; path = "CacheEntity+CoreDataClass.swift"; sourceTree = "<group>"; };
		551405312B9501B600503711 /* CacheEntity+CoreDataProperties.swift */ = {isa = PBXFileReference; lastKnownFileType = sourcecode.swift; path = "CacheEntity+CoreDataProperties.swift"; sourceTree = "<group>"; };
		551405322B9501B600503711 /* FavouriteWeatherEntity+CoreDataClass.swift */ = {isa = PBXFileReference; lastKnownFileType = sourcecode.swift; path = "FavouriteWeatherEntity+CoreDataClass.swift"; sourceTree = "<group>"; };
		551405332B9501B600503711 /* FavouriteWeatherEntity+CoreDataProperties.swift */ = {isa = PBXFileReference; lastKnownFileType = sourcecode.swift; path = "FavouriteWeatherEntity+CoreDataProperties.swift"; sourceTree = "<group>"; };
		551405412B95B39000503711 /* RemoteWeatherLoaderTests.swift */ = {isa = PBXFileReference; lastKnownFileType = sourcecode.swift; path = RemoteWeatherLoaderTests.swift; sourceTree = "<group>"; };
		551405442B95B3BF00503711 /* XCTests+MemoryLeakTrackingUtils.swift */ = {isa = PBXFileReference; fileEncoding = 4; lastKnownFileType = sourcecode.swift; path = "XCTests+MemoryLeakTrackingUtils.swift"; sourceTree = "<group>"; };
		551405452B95B3BF00503711 /* Error+Utils.swift */ = {isa = PBXFileReference; fileEncoding = 4; lastKnownFileType = sourcecode.swift; path = "Error+Utils.swift"; sourceTree = "<group>"; };
		551405462B95B3BF00503711 /* XCTestCase+TestingUtils.swift */ = {isa = PBXFileReference; fileEncoding = 4; lastKnownFileType = sourcecode.swift; path = "XCTestCase+TestingUtils.swift"; sourceTree = "<group>"; };
		551405472B95B3BF00503711 /* Weather+Utils.swift */ = {isa = PBXFileReference; fileEncoding = 4; lastKnownFileType = sourcecode.swift; path = "Weather+Utils.swift"; sourceTree = "<group>"; };
		551405502B95B5AF00503711 /* PSWeatherAppWeatherAPIEndToEndTests.xctest */ = {isa = PBXFileReference; explicitFileType = wrapper.cfbundle; includeInIndex = 0; path = PSWeatherAppWeatherAPIEndToEndTests.xctest; sourceTree = BUILT_PRODUCTS_DIR; };
		551405592B95B5B800503711 /* response.json */ = {isa = PBXFileReference; fileEncoding = 4; lastKnownFileType = text.json; path = response.json; sourceTree = "<group>"; };
		5514055A2B95B5B800503711 /* PSWeatherLoaderAPIEndToEndTests.swift */ = {isa = PBXFileReference; fileEncoding = 4; lastKnownFileType = sourcecode.swift; path = PSWeatherLoaderAPIEndToEndTests.swift; sourceTree = "<group>"; };
		5514055D2B95B5F700503711 /* PSWeatherLoaderEndToEndTests.xctestplan */ = {isa = PBXFileReference; lastKnownFileType = text; path = PSWeatherLoaderEndToEndTests.xctestplan; sourceTree = "<group>"; };
		551405632B95B69100503711 /* LocalWeatherLoaderTests.swift */ = {isa = PBXFileReference; lastKnownFileType = sourcecode.swift; path = LocalWeatherLoaderTests.swift; sourceTree = "<group>"; };
		551405652B95BAF200503711 /* Date+Utils.swift */ = {isa = PBXFileReference; lastKnownFileType = sourcecode.swift; path = "Date+Utils.swift"; sourceTree = "<group>"; };
		551405682B95BD1D00503711 /* WeatherListViewModelTests.swift */ = {isa = PBXFileReference; lastKnownFileType = sourcecode.swift; path = WeatherListViewModelTests.swift; sourceTree = "<group>"; };
		5514056B2B95C0B600503711 /* WeatherDetailsViewModelTests.swift */ = {isa = PBXFileReference; lastKnownFileType = sourcecode.swift; path = WeatherDetailsViewModelTests.swift; sourceTree = "<group>"; };
		5514056E2B95C21200503711 /* FavouritesViewModelTests.swift */ = {isa = PBXFileReference; lastKnownFileType = sourcecode.swift; path = FavouritesViewModelTests.swift; sourceTree = "<group>"; };
		551405702B95C30F00503711 /* WeatherListViewControllerTests.swift */ = {isa = PBXFileReference; lastKnownFileType = sourcecode.swift; path = WeatherListViewControllerTests.swift; sourceTree = "<group>"; };
		5514058B2B95E1E600503711 /* UIColor+Extensions.swift */ = {isa = PBXFileReference; lastKnownFileType = sourcecode.swift; path = "UIColor+Extensions.swift"; sourceTree = "<group>"; };
		55E36BF12B93625C00CC9AEC /* PSWeatherApp.app */ = {isa = PBXFileReference; explicitFileType = wrapper.application; includeInIndex = 0; path = PSWeatherApp.app; sourceTree = BUILT_PRODUCTS_DIR; };
		55E36BF42B93625C00CC9AEC /* AppDelegate.swift */ = {isa = PBXFileReference; lastKnownFileType = sourcecode.swift; path = AppDelegate.swift; sourceTree = "<group>"; };
		55E36BF62B93625C00CC9AEC /* SceneDelegate.swift */ = {isa = PBXFileReference; lastKnownFileType = sourcecode.swift; path = SceneDelegate.swift; sourceTree = "<group>"; };
		55E36BF82B93625C00CC9AEC /* MainTabBarViewController.swift */ = {isa = PBXFileReference; lastKnownFileType = sourcecode.swift; path = MainTabBarViewController.swift; sourceTree = "<group>"; };
		55E36BFD2B93625E00CC9AEC /* Assets.xcassets */ = {isa = PBXFileReference; lastKnownFileType = folder.assetcatalog; path = Assets.xcassets; sourceTree = "<group>"; };
		55E36C002B93625E00CC9AEC /* Base */ = {isa = PBXFileReference; lastKnownFileType = file.storyboard; name = Base; path = Base.lproj/LaunchScreen.storyboard; sourceTree = "<group>"; };
		55E36C022B93625E00CC9AEC /* Info.plist */ = {isa = PBXFileReference; lastKnownFileType = text.plist.xml; path = Info.plist; sourceTree = "<group>"; };
		55E36C072B93625E00CC9AEC /* PSWeatherAppTests.xctest */ = {isa = PBXFileReference; explicitFileType = wrapper.cfbundle; includeInIndex = 0; path = PSWeatherAppTests.xctest; sourceTree = BUILT_PRODUCTS_DIR; };
		55E36C0B2B93625E00CC9AEC /* PSWeatherAppTests.swift */ = {isa = PBXFileReference; lastKnownFileType = sourcecode.swift; path = PSWeatherAppTests.swift; sourceTree = "<group>"; };
		55E36C112B93625E00CC9AEC /* PSWeatherAppUITests.xctest */ = {isa = PBXFileReference; explicitFileType = wrapper.cfbundle; includeInIndex = 0; path = PSWeatherAppUITests.xctest; sourceTree = BUILT_PRODUCTS_DIR; };
		55E36C152B93625E00CC9AEC /* PSWeatherAppUITests.swift */ = {isa = PBXFileReference; lastKnownFileType = sourcecode.swift; path = PSWeatherAppUITests.swift; sourceTree = "<group>"; };
		55E36C172B93625E00CC9AEC /* PSWeatherAppUITestsLaunchTests.swift */ = {isa = PBXFileReference; lastKnownFileType = sourcecode.swift; path = PSWeatherAppUITestsLaunchTests.swift; sourceTree = "<group>"; };
		55E36C2A2B93635E00CC9AEC /* Weather.swift */ = {isa = PBXFileReference; lastKnownFileType = sourcecode.swift; path = Weather.swift; sourceTree = "<group>"; };
		55E36C2C2B93638000CC9AEC /* WeatherLoader.swift */ = {isa = PBXFileReference; lastKnownFileType = sourcecode.swift; path = WeatherLoader.swift; sourceTree = "<group>"; };
		55E36C2E2B9363D700CC9AEC /* RemoteWeatherLoader.swift */ = {isa = PBXFileReference; lastKnownFileType = sourcecode.swift; path = RemoteWeatherLoader.swift; sourceTree = "<group>"; };
		55E36C312B93647900CC9AEC /* HTTPClient.swift */ = {isa = PBXFileReference; lastKnownFileType = sourcecode.swift; path = HTTPClient.swift; sourceTree = "<group>"; };
		55E36C332B93652400CC9AEC /* WeatherItemsMapper.swift */ = {isa = PBXFileReference; lastKnownFileType = sourcecode.swift; path = WeatherItemsMapper.swift; sourceTree = "<group>"; };
		55E36C372B93657900CC9AEC /* LocalWeatherLoader.swift */ = {isa = PBXFileReference; lastKnownFileType = sourcecode.swift; path = LocalWeatherLoader.swift; sourceTree = "<group>"; };
		55E36C392B9365BA00CC9AEC /* WeatherStore.swift */ = {isa = PBXFileReference; lastKnownFileType = sourcecode.swift; path = WeatherStore.swift; sourceTree = "<group>"; };
		55E36C3D2B936B0900CC9AEC /* WeatherCachePolicy.swift */ = {isa = PBXFileReference; lastKnownFileType = sourcecode.swift; path = WeatherCachePolicy.swift; sourceTree = "<group>"; };
		55E36C422B936C5C00CC9AEC /* WeatherListViewController.swift */ = {isa = PBXFileReference; lastKnownFileType = sourcecode.swift; path = WeatherListViewController.swift; sourceTree = "<group>"; };
		55E36C442B93AAE900CC9AEC /* WeatherListViewModel.swift */ = {isa = PBXFileReference; lastKnownFileType = sourcecode.swift; path = WeatherListViewModel.swift; sourceTree = "<group>"; };
		55E36C462B93AEC300CC9AEC /* RemoteWithLocalFallbackWeatherLoader.swift */ = {isa = PBXFileReference; lastKnownFileType = sourcecode.swift; path = RemoteWithLocalFallbackWeatherLoader.swift; sourceTree = "<group>"; };
		55E36C482B93B44100CC9AEC /* CoreDataWeatherStore.swift */ = {isa = PBXFileReference; lastKnownFileType = sourcecode.swift; path = CoreDataWeatherStore.swift; sourceTree = "<group>"; };
		55E36C4B2B93C6DC00CC9AEC /* WeatherDataModel.xcdatamodel */ = {isa = PBXFileReference; lastKnownFileType = wrapper.xcdatamodel; path = WeatherDataModel.xcdatamodel; sourceTree = "<group>"; };
		55E36C6B2B93D0EE00CC9AEC /* URLSessionHTTPClient.swift */ = {isa = PBXFileReference; lastKnownFileType = sourcecode.swift; path = URLSessionHTTPClient.swift; sourceTree = "<group>"; };
		55E36C6D2B944F9600CC9AEC /* WeatherEndPoint.swift */ = {isa = PBXFileReference; lastKnownFileType = sourcecode.swift; path = WeatherEndPoint.swift; sourceTree = "<group>"; };
		55E36CD02B94946700CC9AEC /* PSWeatherInfoItemView.swift */ = {isa = PBXFileReference; lastKnownFileType = sourcecode.swift; path = PSWeatherInfoItemView.swift; sourceTree = "<group>"; };
		55E36CD22B94961500CC9AEC /* WeatherListView.swift */ = {isa = PBXFileReference; lastKnownFileType = sourcecode.swift; path = WeatherListView.swift; sourceTree = "<group>"; };
		55E36CD52B94965700CC9AEC /* WeatherListCell.swift */ = {isa = PBXFileReference; lastKnownFileType = sourcecode.swift; path = WeatherListCell.swift; sourceTree = "<group>"; };
		55E36CD72B94966D00CC9AEC /* PSHeaderLabel.swift */ = {isa = PBXFileReference; lastKnownFileType = sourcecode.swift; path = PSHeaderLabel.swift; sourceTree = "<group>"; };
		55E36CDC2B949C5300CC9AEC /* UIViewController+Alert.swift */ = {isa = PBXFileReference; lastKnownFileType = sourcecode.swift; path = "UIViewController+Alert.swift"; sourceTree = "<group>"; };
		55E36CDE2B94A0FD00CC9AEC /* WeatherDescription+Color.swift */ = {isa = PBXFileReference; lastKnownFileType = sourcecode.swift; path = "WeatherDescription+Color.swift"; sourceTree = "<group>"; };
		55E36CE12B94A8D700CC9AEC /* String+Extensions.swift */ = {isa = PBXFileReference; lastKnownFileType = sourcecode.swift; path = "String+Extensions.swift"; sourceTree = "<group>"; };
		55E36CE32B94B13D00CC9AEC /* UIView+AnimationUtils.swift */ = {isa = PBXFileReference; lastKnownFileType = sourcecode.swift; path = "UIView+AnimationUtils.swift"; sourceTree = "<group>"; };
		55E36CE52B94B34E00CC9AEC /* WeatherDetailsViewController.swift */ = {isa = PBXFileReference; lastKnownFileType = sourcecode.swift; path = WeatherDetailsViewController.swift; sourceTree = "<group>"; };
		55E36CE82B94B36B00CC9AEC /* WeatherDetailsView.swift */ = {isa = PBXFileReference; lastKnownFileType = sourcecode.swift; path = WeatherDetailsView.swift; sourceTree = "<group>"; };
		55E36CF02B94B7A100CC9AEC /* WeatherDetailsForecastCollectionViewCell.swift */ = {isa = PBXFileReference; lastKnownFileType = sourcecode.swift; path = WeatherDetailsForecastCollectionViewCell.swift; sourceTree = "<group>"; };
		55E36CF22B94C0BB00CC9AEC /* WeatherDetailViewModel.swift */ = {isa = PBXFileReference; lastKnownFileType = sourcecode.swift; path = WeatherDetailViewModel.swift; sourceTree = "<group>"; };
		55E36CF42B94C8E100CC9AEC /* FavouritesViewController.swift */ = {isa = PBXFileReference; lastKnownFileType = sourcecode.swift; path = FavouritesViewController.swift; sourceTree = "<group>"; };
		55E36CF62B94CF1E00CC9AEC /* UIView+Gradient.swift */ = {isa = PBXFileReference; lastKnownFileType = sourcecode.swift; path = "UIView+Gradient.swift"; sourceTree = "<group>"; };
		55E36CF82B94D99000CC9AEC /* NSMutableAttributedString+Extensions.swift */ = {isa = PBXFileReference; lastKnownFileType = sourcecode.swift; path = "NSMutableAttributedString+Extensions.swift"; sourceTree = "<group>"; };
		55E36CFA2B94DAB200CC9AEC /* Date+Extensions.swift */ = {isa = PBXFileReference; lastKnownFileType = sourcecode.swift; path = "Date+Extensions.swift"; sourceTree = "<group>"; };
		55E36CFE2B94EC5100CC9AEC /* FavouritesView.swift */ = {isa = PBXFileReference; lastKnownFileType = sourcecode.swift; path = FavouritesView.swift; sourceTree = "<group>"; };
		55E36D012B94EC8E00CC9AEC /* FavouritesTableViewCell.swift */ = {isa = PBXFileReference; lastKnownFileType = sourcecode.swift; path = FavouritesTableViewCell.swift; sourceTree = "<group>"; };
		55E36D032B94ED8900CC9AEC /* FavouritesViewModel.swift */ = {isa = PBXFileReference; lastKnownFileType = sourcecode.swift; path = FavouritesViewModel.swift; sourceTree = "<group>"; };
		55E36D052B94EF8C00CC9AEC /* FavouriteWeatherStore.swift */ = {isa = PBXFileReference; lastKnownFileType = sourcecode.swift; path = FavouriteWeatherStore.swift; sourceTree = "<group>"; };
		55E36D072B94F66500CC9AEC /* FavouriteWeatherManager.swift */ = {isa = PBXFileReference; lastKnownFileType = sourcecode.swift; path = FavouriteWeatherManager.swift; sourceTree = "<group>"; };
/* End PBXFileReference section */

/* Begin PBXFrameworksBuildPhase section */
		5514054D2B95B5AF00503711 /* Frameworks */ = {
			isa = PBXFrameworksBuildPhase;
			buildActionMask = 2147483647;
			files = (
			);
			runOnlyForDeploymentPostprocessing = 0;
		};
		55E36BEE2B93625C00CC9AEC /* Frameworks */ = {
			isa = PBXFrameworksBuildPhase;
			buildActionMask = 2147483647;
			files = (
			);
			runOnlyForDeploymentPostprocessing = 0;
		};
		55E36C042B93625E00CC9AEC /* Frameworks */ = {
			isa = PBXFrameworksBuildPhase;
			buildActionMask = 2147483647;
			files = (
			);
			runOnlyForDeploymentPostprocessing = 0;
		};
		55E36C0E2B93625E00CC9AEC /* Frameworks */ = {
			isa = PBXFrameworksBuildPhase;
			buildActionMask = 2147483647;
			files = (
			);
			runOnlyForDeploymentPostprocessing = 0;
		};
/* End PBXFrameworksBuildPhase section */

/* Begin PBXGroup section */
		551405402B95B38500503711 /* Weather API */ = {
			isa = PBXGroup;
			children = (
				551405412B95B39000503711 /* RemoteWeatherLoaderTests.swift */,
			);
			path = "Weather API";
			sourceTree = "<group>";
		};
		551405432B95B39C00503711 /* Helpers */ = {
			isa = PBXGroup;
			children = (
				551405452B95B3BF00503711 /* Error+Utils.swift */,
				551405472B95B3BF00503711 /* Weather+Utils.swift */,
				551405462B95B3BF00503711 /* XCTestCase+TestingUtils.swift */,
				551405442B95B3BF00503711 /* XCTests+MemoryLeakTrackingUtils.swift */,
				551405652B95BAF200503711 /* Date+Utils.swift */,
			);
			path = Helpers;
			sourceTree = "<group>";
		};
		551405512B95B5AF00503711 /* PSWeatherAppWeatherAPIEndToEndTests */ = {
			isa = PBXGroup;
			children = (
				5514055A2B95B5B800503711 /* PSWeatherLoaderAPIEndToEndTests.swift */,
				551405592B95B5B800503711 /* response.json */,
			);
			path = PSWeatherAppWeatherAPIEndToEndTests;
			sourceTree = "<group>";
		};
		551405622B95B67500503711 /* WeatherCache */ = {
			isa = PBXGroup;
			children = (
				551405632B95B69100503711 /* LocalWeatherLoaderTests.swift */,
			);
			path = WeatherCache;
			sourceTree = "<group>";
		};
		551405672B95BD0800503711 /* WeatherListTests */ = {
			isa = PBXGroup;
			children = (
				551405682B95BD1D00503711 /* WeatherListViewModelTests.swift */,
				551405702B95C30F00503711 /* WeatherListViewControllerTests.swift */,
			);
			path = WeatherListTests;
			sourceTree = "<group>";
		};
		5514056A2B95C0A900503711 /* WeatherDetailsTests */ = {
			isa = PBXGroup;
			children = (
				5514056B2B95C0B600503711 /* WeatherDetailsViewModelTests.swift */,
			);
			path = WeatherDetailsTests;
			sourceTree = "<group>";
		};
		5514056D2B95C20000503711 /* FavouritesTests */ = {
			isa = PBXGroup;
			children = (
				5514056E2B95C21200503711 /* FavouritesViewModelTests.swift */,
			);
			path = FavouritesTests;
			sourceTree = "<group>";
		};
		55E36BE82B93625C00CC9AEC = {
			isa = PBXGroup;
			children = (
				5514055D2B95B5F700503711 /* PSWeatherLoaderEndToEndTests.xctestplan */,
				55E36BF32B93625C00CC9AEC /* PSWeatherApp */,
				55E36C0A2B93625E00CC9AEC /* PSWeatherAppTests */,
				55E36C142B93625E00CC9AEC /* PSWeatherAppUITests */,
				551405512B95B5AF00503711 /* PSWeatherAppWeatherAPIEndToEndTests */,
				55E36BF22B93625C00CC9AEC /* Products */,
			);
			sourceTree = "<group>";
		};
		55E36BF22B93625C00CC9AEC /* Products */ = {
			isa = PBXGroup;
			children = (
				55E36BF12B93625C00CC9AEC /* PSWeatherApp.app */,
				55E36C072B93625E00CC9AEC /* PSWeatherAppTests.xctest */,
				55E36C112B93625E00CC9AEC /* PSWeatherAppUITests.xctest */,
				551405502B95B5AF00503711 /* PSWeatherAppWeatherAPIEndToEndTests.xctest */,
			);
			name = Products;
			sourceTree = "<group>";
		};
		55E36BF32B93625C00CC9AEC /* PSWeatherApp */ = {
			isa = PBXGroup;
			children = (
				55E36C302B93647100CC9AEC /* Shared */,
				55E36C292B93631F00CC9AEC /* Screens */,
				55E36C282B93631200CC9AEC /* Weather Cache */,
				55E36C272B93630C00CC9AEC /* Weather API */,
				55E36C262B93630400CC9AEC /* Weather Feature */,
				55E36C252B93628D00CC9AEC /* Resources */,
				55E36C242B93628300CC9AEC /* App */,
				55E36C022B93625E00CC9AEC /* Info.plist */,
			);
			path = PSWeatherApp;
			sourceTree = "<group>";
		};
		55E36C0A2B93625E00CC9AEC /* PSWeatherAppTests */ = {
			isa = PBXGroup;
			children = (
				5514056D2B95C20000503711 /* FavouritesTests */,
				5514056A2B95C0A900503711 /* WeatherDetailsTests */,
				551405672B95BD0800503711 /* WeatherListTests */,
				551405622B95B67500503711 /* WeatherCache */,
				551405432B95B39C00503711 /* Helpers */,
				551405402B95B38500503711 /* Weather API */,
				55E36C0B2B93625E00CC9AEC /* PSWeatherAppTests.swift */,
			);
			path = PSWeatherAppTests;
			sourceTree = "<group>";
		};
		55E36C142B93625E00CC9AEC /* PSWeatherAppUITests */ = {
			isa = PBXGroup;
			children = (
				55E36C152B93625E00CC9AEC /* PSWeatherAppUITests.swift */,
				55E36C172B93625E00CC9AEC /* PSWeatherAppUITestsLaunchTests.swift */,
			);
			path = PSWeatherAppUITests;
			sourceTree = "<group>";
		};
		55E36C242B93628300CC9AEC /* App */ = {
			isa = PBXGroup;
			children = (
				55E36BFF2B93625E00CC9AEC /* LaunchScreen.storyboard */,
				55E36BF42B93625C00CC9AEC /* AppDelegate.swift */,
				55E36BF62B93625C00CC9AEC /* SceneDelegate.swift */,
			);
			path = App;
			sourceTree = "<group>";
		};
		55E36C252B93628D00CC9AEC /* Resources */ = {
			isa = PBXGroup;
			children = (
				55E36BFD2B93625E00CC9AEC /* Assets.xcassets */,
			);
			path = Resources;
			sourceTree = "<group>";
		};
		55E36C262B93630400CC9AEC /* Weather Feature */ = {
			isa = PBXGroup;
			children = (
				55E36C2A2B93635E00CC9AEC /* Weather.swift */,
				55E36C2C2B93638000CC9AEC /* WeatherLoader.swift */,
			);
			path = "Weather Feature";
			sourceTree = "<group>";
		};
		55E36C272B93630C00CC9AEC /* Weather API */ = {
			isa = PBXGroup;
			children = (
				55E36C2E2B9363D700CC9AEC /* RemoteWeatherLoader.swift */,
				55E36C332B93652400CC9AEC /* WeatherItemsMapper.swift */,
				55E36C6D2B944F9600CC9AEC /* WeatherEndPoint.swift */,
			);
			path = "Weather API";
			sourceTree = "<group>";
		};
		55E36C282B93631200CC9AEC /* Weather Cache */ = {
			isa = PBXGroup;
			children = (
				55E36C372B93657900CC9AEC /* LocalWeatherLoader.swift */,
				55E36C392B9365BA00CC9AEC /* WeatherStore.swift */,
				55E36C3D2B936B0900CC9AEC /* WeatherCachePolicy.swift */,
				55E36C482B93B44100CC9AEC /* CoreDataWeatherStore.swift */,
				55E36D052B94EF8C00CC9AEC /* FavouriteWeatherStore.swift */,
			);
			path = "Weather Cache";
			sourceTree = "<group>";
		};
		55E36C292B93631F00CC9AEC /* Screens */ = {
			isa = PBXGroup;
			children = (
				55E36CDB2B949C4600CC9AEC /* Utils */,
				55E36CCF2B94945400CC9AEC /* Components */,
				55E36BF82B93625C00CC9AEC /* MainTabBarViewController.swift */,
				55E36C412B936C1E00CC9AEC /* Favourites */,
				55E36C402B936BE700CC9AEC /* WeatherDetails */,
				55E36C3F2B936BE000CC9AEC /* WeatherList */,
			);
			path = Screens;
			sourceTree = "<group>";
		};
		55E36C302B93647100CC9AEC /* Shared */ = {
			isa = PBXGroup;
			children = (
				55E36CE02B94A8CA00CC9AEC /* Utils */,
				55E36C622B93CDE600CC9AEC /* CoreData */,
				55E36C312B93647900CC9AEC /* HTTPClient.swift */,
				55E36C6B2B93D0EE00CC9AEC /* URLSessionHTTPClient.swift */,
				55E36D072B94F66500CC9AEC /* FavouriteWeatherManager.swift */,
				55E36C462B93AEC300CC9AEC /* RemoteWithLocalFallbackWeatherLoader.swift */,
			);
			path = Shared;
			sourceTree = "<group>";
		};
		55E36C3F2B936BE000CC9AEC /* WeatherList */ = {
			isa = PBXGroup;
			children = (
				55E36CDA2B94979D00CC9AEC /* Views */,
				55E36CD92B94979700CC9AEC /* ViewModels */,
			);
			path = WeatherList;
			sourceTree = "<group>";
		};
		55E36C402B936BE700CC9AEC /* WeatherDetails */ = {
			isa = PBXGroup;
			children = (
				55E36CEA2B94B36E00CC9AEC /* ViewModels */,
				55E36CE72B94B36000CC9AEC /* Views */,
			);
			path = WeatherDetails;
			sourceTree = "<group>";
		};
		55E36C412B936C1E00CC9AEC /* Favourites */ = {
			isa = PBXGroup;
			children = (
				55E36CFD2B94EC4000CC9AEC /* ViewModels */,
				55E36CFC2B94EC3B00CC9AEC /* Views */,
			);
			path = Favourites;
			sourceTree = "<group>";
		};
		55E36C622B93CDE600CC9AEC /* CoreData */ = {
			isa = PBXGroup;
			children = (
				551405282B9501B600503711 /* FavouriteForecastEntity+CoreDataClass.swift */,
				551405292B9501B600503711 /* FavouriteForecastEntity+CoreDataProperties.swift */,
				5514052A2B9501B600503711 /* FavouritesEntity+CoreDataClass.swift */,
				5514052B2B9501B600503711 /* FavouritesEntity+CoreDataProperties.swift */,
				5514052C2B9501B600503711 /* WeatherEntity+CoreDataClass.swift */,
				5514052D2B9501B600503711 /* WeatherEntity+CoreDataProperties.swift */,
				5514052E2B9501B600503711 /* ForecastEntity+CoreDataClass.swift */,
				5514052F2B9501B600503711 /* ForecastEntity+CoreDataProperties.swift */,
				551405302B9501B600503711 /* CacheEntity+CoreDataClass.swift */,
				551405312B9501B600503711 /* CacheEntity+CoreDataProperties.swift */,
				551405322B9501B600503711 /* FavouriteWeatherEntity+CoreDataClass.swift */,
				551405332B9501B600503711 /* FavouriteWeatherEntity+CoreDataProperties.swift */,
				55E36C4A2B93C6DC00CC9AEC /* WeatherDataModel.xcdatamodeld */,
			);
			path = CoreData;
			sourceTree = "<group>";
		};
		55E36CCF2B94945400CC9AEC /* Components */ = {
			isa = PBXGroup;
			children = (
				55E36CD02B94946700CC9AEC /* PSWeatherInfoItemView.swift */,
				55E36CD72B94966D00CC9AEC /* PSHeaderLabel.swift */,
			);
			path = Components;
			sourceTree = "<group>";
		};
		55E36CD42B94964100CC9AEC /* Cell */ = {
			isa = PBXGroup;
			children = (
				55E36CD52B94965700CC9AEC /* WeatherListCell.swift */,
			);
			path = Cell;
			sourceTree = "<group>";
		};
		55E36CD92B94979700CC9AEC /* ViewModels */ = {
			isa = PBXGroup;
			children = (
				55E36C442B93AAE900CC9AEC /* WeatherListViewModel.swift */,
			);
			path = ViewModels;
			sourceTree = "<group>";
		};
		55E36CDA2B94979D00CC9AEC /* Views */ = {
			isa = PBXGroup;
			children = (
				55E36CD42B94964100CC9AEC /* Cell */,
				55E36C422B936C5C00CC9AEC /* WeatherListViewController.swift */,
				55E36CD22B94961500CC9AEC /* WeatherListView.swift */,
			);
			path = Views;
			sourceTree = "<group>";
		};
		55E36CDB2B949C4600CC9AEC /* Utils */ = {
			isa = PBXGroup;
			children = (
				55E36CDC2B949C5300CC9AEC /* UIViewController+Alert.swift */,
				55E36CDE2B94A0FD00CC9AEC /* WeatherDescription+Color.swift */,
				55E36CE32B94B13D00CC9AEC /* UIView+AnimationUtils.swift */,
				55E36CF62B94CF1E00CC9AEC /* UIView+Gradient.swift */,
				5514058B2B95E1E600503711 /* UIColor+Extensions.swift */,
			);
			path = Utils;
			sourceTree = "<group>";
		};
		55E36CE02B94A8CA00CC9AEC /* Utils */ = {
			isa = PBXGroup;
			children = (
				55E36CE12B94A8D700CC9AEC /* String+Extensions.swift */,
				55E36CF82B94D99000CC9AEC /* NSMutableAttributedString+Extensions.swift */,
				55E36CFA2B94DAB200CC9AEC /* Date+Extensions.swift */,
			);
			path = Utils;
			sourceTree = "<group>";
		};
		55E36CE72B94B36000CC9AEC /* Views */ = {
			isa = PBXGroup;
			children = (
				55E36CEB2B94B38F00CC9AEC /* Components */,
				55E36CE52B94B34E00CC9AEC /* WeatherDetailsViewController.swift */,
				55E36CE82B94B36B00CC9AEC /* WeatherDetailsView.swift */,
			);
			path = Views;
			sourceTree = "<group>";
		};
		55E36CEA2B94B36E00CC9AEC /* ViewModels */ = {
			isa = PBXGroup;
			children = (
				55E36CF22B94C0BB00CC9AEC /* WeatherDetailViewModel.swift */,
			);
			path = ViewModels;
			sourceTree = "<group>";
		};
		55E36CEB2B94B38F00CC9AEC /* Components */ = {
			isa = PBXGroup;
			children = (
				55E36CF02B94B7A100CC9AEC /* WeatherDetailsForecastCollectionViewCell.swift */,
			);
			path = Components;
			sourceTree = "<group>";
		};
		55E36CFC2B94EC3B00CC9AEC /* Views */ = {
			isa = PBXGroup;
			children = (
				55E36D002B94EC8200CC9AEC /* Components */,
				55E36CF42B94C8E100CC9AEC /* FavouritesViewController.swift */,
				55E36CFE2B94EC5100CC9AEC /* FavouritesView.swift */,
			);
			path = Views;
			sourceTree = "<group>";
		};
		55E36CFD2B94EC4000CC9AEC /* ViewModels */ = {
			isa = PBXGroup;
			children = (
				55E36D032B94ED8900CC9AEC /* FavouritesViewModel.swift */,
			);
			path = ViewModels;
			sourceTree = "<group>";
		};
		55E36D002B94EC8200CC9AEC /* Components */ = {
			isa = PBXGroup;
			children = (
				55E36D012B94EC8E00CC9AEC /* FavouritesTableViewCell.swift */,
			);
			path = Components;
			sourceTree = "<group>";
		};
/* End PBXGroup section */

/* Begin PBXNativeTarget section */
		5514054F2B95B5AF00503711 /* PSWeatherAppWeatherAPIEndToEndTests */ = {
			isa = PBXNativeTarget;
			buildConfigurationList = 551405582B95B5AF00503711 /* Build configuration list for PBXNativeTarget "PSWeatherAppWeatherAPIEndToEndTests" */;
			buildPhases = (
				5514054C2B95B5AF00503711 /* Sources */,
				5514054D2B95B5AF00503711 /* Frameworks */,
				5514054E2B95B5AF00503711 /* Resources */,
			);
			buildRules = (
			);
			dependencies = (
				551405552B95B5AF00503711 /* PBXTargetDependency */,
			);
			name = PSWeatherAppWeatherAPIEndToEndTests;
			productName = PSWeatherAppWeatherAPIEndToEndTests;
			productReference = 551405502B95B5AF00503711 /* PSWeatherAppWeatherAPIEndToEndTests.xctest */;
			productType = "com.apple.product-type.bundle.unit-test";
		};
		55E36BF02B93625C00CC9AEC /* PSWeatherApp */ = {
			isa = PBXNativeTarget;
			buildConfigurationList = 55E36C1B2B93625E00CC9AEC /* Build configuration list for PBXNativeTarget "PSWeatherApp" */;
			buildPhases = (
				55E36BED2B93625C00CC9AEC /* Sources */,
				55E36BEE2B93625C00CC9AEC /* Frameworks */,
				55E36BEF2B93625C00CC9AEC /* Resources */,
			);
			buildRules = (
			);
			dependencies = (
			);
			name = PSWeatherApp;
			productName = PSWeatherApp;
			productReference = 55E36BF12B93625C00CC9AEC /* PSWeatherApp.app */;
			productType = "com.apple.product-type.application";
		};
		55E36C062B93625E00CC9AEC /* PSWeatherAppTests */ = {
			isa = PBXNativeTarget;
			buildConfigurationList = 55E36C1E2B93625E00CC9AEC /* Build configuration list for PBXNativeTarget "PSWeatherAppTests" */;
			buildPhases = (
				55E36C032B93625E00CC9AEC /* Sources */,
				55E36C042B93625E00CC9AEC /* Frameworks */,
				55E36C052B93625E00CC9AEC /* Resources */,
			);
			buildRules = (
			);
			dependencies = (
				55E36C092B93625E00CC9AEC /* PBXTargetDependency */,
			);
			name = PSWeatherAppTests;
			productName = PSWeatherAppTests;
			productReference = 55E36C072B93625E00CC9AEC /* PSWeatherAppTests.xctest */;
			productType = "com.apple.product-type.bundle.unit-test";
		};
		55E36C102B93625E00CC9AEC /* PSWeatherAppUITests */ = {
			isa = PBXNativeTarget;
			buildConfigurationList = 55E36C212B93625E00CC9AEC /* Build configuration list for PBXNativeTarget "PSWeatherAppUITests" */;
			buildPhases = (
				55E36C0D2B93625E00CC9AEC /* Sources */,
				55E36C0E2B93625E00CC9AEC /* Frameworks */,
				55E36C0F2B93625E00CC9AEC /* Resources */,
			);
			buildRules = (
			);
			dependencies = (
				55E36C132B93625E00CC9AEC /* PBXTargetDependency */,
			);
			name = PSWeatherAppUITests;
			productName = PSWeatherAppUITests;
			productReference = 55E36C112B93625E00CC9AEC /* PSWeatherAppUITests.xctest */;
			productType = "com.apple.product-type.bundle.ui-testing";
		};
/* End PBXNativeTarget section */

/* Begin PBXProject section */
		55E36BE92B93625C00CC9AEC /* Project object */ = {
			isa = PBXProject;
			attributes = {
				BuildIndependentTargetsInParallel = 1;
				LastSwiftUpdateCheck = 1520;
				LastUpgradeCheck = 1520;
				TargetAttributes = {
					5514054F2B95B5AF00503711 = {
						CreatedOnToolsVersion = 15.2;
						TestTargetID = 55E36BF02B93625C00CC9AEC;
					};
					55E36BF02B93625C00CC9AEC = {
						CreatedOnToolsVersion = 15.2;
					};
					55E36C062B93625E00CC9AEC = {
						CreatedOnToolsVersion = 15.2;
						TestTargetID = 55E36BF02B93625C00CC9AEC;
					};
					55E36C102B93625E00CC9AEC = {
						CreatedOnToolsVersion = 15.2;
						TestTargetID = 55E36BF02B93625C00CC9AEC;
					};
				};
			};
			buildConfigurationList = 55E36BEC2B93625C00CC9AEC /* Build configuration list for PBXProject "PSWeatherApp" */;
			compatibilityVersion = "Xcode 14.0";
			developmentRegion = en;
			hasScannedForEncodings = 0;
			knownRegions = (
				en,
				Base,
			);
			mainGroup = 55E36BE82B93625C00CC9AEC;
			productRefGroup = 55E36BF22B93625C00CC9AEC /* Products */;
			projectDirPath = "";
			projectRoot = "";
			targets = (
				55E36BF02B93625C00CC9AEC /* PSWeatherApp */,
				55E36C062B93625E00CC9AEC /* PSWeatherAppTests */,
				55E36C102B93625E00CC9AEC /* PSWeatherAppUITests */,
				5514054F2B95B5AF00503711 /* PSWeatherAppWeatherAPIEndToEndTests */,
			);
		};
/* End PBXProject section */

/* Begin PBXResourcesBuildPhase section */
		5514054E2B95B5AF00503711 /* Resources */ = {
			isa = PBXResourcesBuildPhase;
			buildActionMask = 2147483647;
			files = (
				5514055B2B95B5B800503711 /* response.json in Resources */,
			);
			runOnlyForDeploymentPostprocessing = 0;
		};
		55E36BEF2B93625C00CC9AEC /* Resources */ = {
			isa = PBXResourcesBuildPhase;
			buildActionMask = 2147483647;
			files = (
				55E36C012B93625E00CC9AEC /* LaunchScreen.storyboard in Resources */,
				55E36BFE2B93625E00CC9AEC /* Assets.xcassets in Resources */,
			);
			runOnlyForDeploymentPostprocessing = 0;
		};
		55E36C052B93625E00CC9AEC /* Resources */ = {
			isa = PBXResourcesBuildPhase;
			buildActionMask = 2147483647;
			files = (
			);
			runOnlyForDeploymentPostprocessing = 0;
		};
		55E36C0F2B93625E00CC9AEC /* Resources */ = {
			isa = PBXResourcesBuildPhase;
			buildActionMask = 2147483647;
			files = (
			);
			runOnlyForDeploymentPostprocessing = 0;
		};
/* End PBXResourcesBuildPhase section */

/* Begin PBXSourcesBuildPhase section */
		5514054C2B95B5AF00503711 /* Sources */ = {
			isa = PBXSourcesBuildPhase;
			buildActionMask = 2147483647;
			files = (
				5514055F2B95B61500503711 /* Error+Utils.swift in Sources */,
				551405602B95B61500503711 /* XCTestCase+TestingUtils.swift in Sources */,
				551405612B95B61500503711 /* XCTests+MemoryLeakTrackingUtils.swift in Sources */,
				5514055E2B95B61500503711 /* Weather+Utils.swift in Sources */,
				5514055C2B95B5B800503711 /* PSWeatherLoaderAPIEndToEndTests.swift in Sources */,
			);
			runOnlyForDeploymentPostprocessing = 0;
		};
		55E36BED2B93625C00CC9AEC /* Sources */ = {
			isa = PBXSourcesBuildPhase;
			buildActionMask = 2147483647;
			files = (
				55E36C4C2B93C6DC00CC9AEC /* WeatherDataModel.xcdatamodeld in Sources */,
				55E36CE22B94A8D700CC9AEC /* String+Extensions.swift in Sources */,
				55E36CD62B94965700CC9AEC /* WeatherListCell.swift in Sources */,
				5514058C2B95E1E600503711 /* UIColor+Extensions.swift in Sources */,
				55E36CDD2B949C5300CC9AEC /* UIViewController+Alert.swift in Sources */,
				55E36C3A2B9365BA00CC9AEC /* WeatherStore.swift in Sources */,
				55E36CFF2B94EC5100CC9AEC /* FavouritesView.swift in Sources */,
				551405362B9501B600503711 /* FavouritesEntity+CoreDataClass.swift in Sources */,
				551405352B9501B600503711 /* FavouriteForecastEntity+CoreDataProperties.swift in Sources */,
				55E36C382B93657900CC9AEC /* LocalWeatherLoader.swift in Sources */,
				55E36CD82B94966D00CC9AEC /* PSHeaderLabel.swift in Sources */,
				55E36C2B2B93635E00CC9AEC /* Weather.swift in Sources */,
				55E36CE92B94B36B00CC9AEC /* WeatherDetailsView.swift in Sources */,
				55E36C6E2B944F9600CC9AEC /* WeatherEndPoint.swift in Sources */,
				551405342B9501B600503711 /* FavouriteForecastEntity+CoreDataClass.swift in Sources */,
				55E36C492B93B44100CC9AEC /* CoreDataWeatherStore.swift in Sources */,
				5514053C2B9501B600503711 /* CacheEntity+CoreDataClass.swift in Sources */,
				55E36BF92B93625C00CC9AEC /* MainTabBarViewController.swift in Sources */,
				55E36C342B93652400CC9AEC /* WeatherItemsMapper.swift in Sources */,
				55E36C2D2B93638000CC9AEC /* WeatherLoader.swift in Sources */,
				551405372B9501B600503711 /* FavouritesEntity+CoreDataProperties.swift in Sources */,
				55E36C322B93647900CC9AEC /* HTTPClient.swift in Sources */,
				5514053D2B9501B600503711 /* CacheEntity+CoreDataProperties.swift in Sources */,
				55E36CD32B94961500CC9AEC /* WeatherListView.swift in Sources */,
				55E36CF12B94B7A100CC9AEC /* WeatherDetailsForecastCollectionViewCell.swift in Sources */,
				55E36CF72B94CF1E00CC9AEC /* UIView+Gradient.swift in Sources */,
				551405382B9501B600503711 /* WeatherEntity+CoreDataClass.swift in Sources */,
				55E36D042B94ED8900CC9AEC /* FavouritesViewModel.swift in Sources */,
				55E36C3E2B936B0900CC9AEC /* WeatherCachePolicy.swift in Sources */,
				55E36BF52B93625C00CC9AEC /* AppDelegate.swift in Sources */,
				5514053F2B9501B600503711 /* FavouriteWeatherEntity+CoreDataProperties.swift in Sources */,
				55E36CF32B94C0BB00CC9AEC /* WeatherDetailViewModel.swift in Sources */,
				55E36CFB2B94DAB200CC9AEC /* Date+Extensions.swift in Sources */,
				55E36C432B936C5C00CC9AEC /* WeatherListViewController.swift in Sources */,
				551405392B9501B600503711 /* WeatherEntity+CoreDataProperties.swift in Sources */,
				5514053E2B9501B600503711 /* FavouriteWeatherEntity+CoreDataClass.swift in Sources */,
				55E36D062B94EF8C00CC9AEC /* FavouriteWeatherStore.swift in Sources */,
				55E36C6C2B93D0EE00CC9AEC /* URLSessionHTTPClient.swift in Sources */,
				5514053B2B9501B600503711 /* ForecastEntity+CoreDataProperties.swift in Sources */,
				55E36CDF2B94A0FD00CC9AEC /* WeatherDescription+Color.swift in Sources */,
				55E36BF72B93625C00CC9AEC /* SceneDelegate.swift in Sources */,
				55E36CE62B94B34E00CC9AEC /* WeatherDetailsViewController.swift in Sources */,
				55E36CF52B94C8E100CC9AEC /* FavouritesViewController.swift in Sources */,
				55E36D082B94F66500CC9AEC /* FavouriteWeatherManager.swift in Sources */,
				55E36CD12B94946700CC9AEC /* PSWeatherInfoItemView.swift in Sources */,
				55E36C472B93AEC300CC9AEC /* RemoteWithLocalFallbackWeatherLoader.swift in Sources */,
				55E36D022B94EC8E00CC9AEC /* FavouritesTableViewCell.swift in Sources */,
				55E36C452B93AAE900CC9AEC /* WeatherListViewModel.swift in Sources */,
				55E36C2F2B9363D700CC9AEC /* RemoteWeatherLoader.swift in Sources */,
				5514053A2B9501B600503711 /* ForecastEntity+CoreDataClass.swift in Sources */,
				55E36CE42B94B13D00CC9AEC /* UIView+AnimationUtils.swift in Sources */,
				55E36CF92B94D99000CC9AEC /* NSMutableAttributedString+Extensions.swift in Sources */,
			);
			runOnlyForDeploymentPostprocessing = 0;
		};
		55E36C032B93625E00CC9AEC /* Sources */ = {
			isa = PBXSourcesBuildPhase;
			buildActionMask = 2147483647;
			files = (
				5514056F2B95C21200503711 /* FavouritesViewModelTests.swift in Sources */,
				5514054B2B95B3BF00503711 /* Weather+Utils.swift in Sources */,
				551405692B95BD1D00503711 /* WeatherListViewModelTests.swift in Sources */,
				5514056C2B95C0B600503711 /* WeatherDetailsViewModelTests.swift in Sources */,
				551405642B95B69100503711 /* LocalWeatherLoaderTests.swift in Sources */,
				551405712B95C30F00503711 /* WeatherListViewControllerTests.swift in Sources */,
				5514054A2B95B3BF00503711 /* XCTestCase+TestingUtils.swift in Sources */,
				55E36C0C2B93625E00CC9AEC /* PSWeatherAppTests.swift in Sources */,
				551405482B95B3BF00503711 /* XCTests+MemoryLeakTrackingUtils.swift in Sources */,
				551405662B95BAF200503711 /* Date+Utils.swift in Sources */,
				551405492B95B3BF00503711 /* Error+Utils.swift in Sources */,
				551405422B95B39000503711 /* RemoteWeatherLoaderTests.swift in Sources */,
			);
			runOnlyForDeploymentPostprocessing = 0;
		};
		55E36C0D2B93625E00CC9AEC /* Sources */ = {
			isa = PBXSourcesBuildPhase;
			buildActionMask = 2147483647;
			files = (
				55E36C182B93625E00CC9AEC /* PSWeatherAppUITestsLaunchTests.swift in Sources */,
				55E36C162B93625E00CC9AEC /* PSWeatherAppUITests.swift in Sources */,
			);
			runOnlyForDeploymentPostprocessing = 0;
		};
/* End PBXSourcesBuildPhase section */

/* Begin PBXTargetDependency section */
		551405552B95B5AF00503711 /* PBXTargetDependency */ = {
			isa = PBXTargetDependency;
			target = 55E36BF02B93625C00CC9AEC /* PSWeatherApp */;
			targetProxy = 551405542B95B5AF00503711 /* PBXContainerItemProxy */;
		};
		55E36C092B93625E00CC9AEC /* PBXTargetDependency */ = {
			isa = PBXTargetDependency;
			target = 55E36BF02B93625C00CC9AEC /* PSWeatherApp */;
			targetProxy = 55E36C082B93625E00CC9AEC /* PBXContainerItemProxy */;
		};
		55E36C132B93625E00CC9AEC /* PBXTargetDependency */ = {
			isa = PBXTargetDependency;
			target = 55E36BF02B93625C00CC9AEC /* PSWeatherApp */;
			targetProxy = 55E36C122B93625E00CC9AEC /* PBXContainerItemProxy */;
		};
/* End PBXTargetDependency section */

/* Begin PBXVariantGroup section */
		55E36BFF2B93625E00CC9AEC /* LaunchScreen.storyboard */ = {
			isa = PBXVariantGroup;
			children = (
				55E36C002B93625E00CC9AEC /* Base */,
			);
			name = LaunchScreen.storyboard;
			sourceTree = "<group>";
		};
/* End PBXVariantGroup section */

/* Begin XCBuildConfiguration section */
		551405562B95B5AF00503711 /* Debug */ = {
			isa = XCBuildConfiguration;
			buildSettings = {
				BUNDLE_LOADER = "$(TEST_HOST)";
				CODE_SIGN_STYLE = Automatic;
				CURRENT_PROJECT_VERSION = 1;
				DEVELOPMENT_TEAM = Q9ARVAPAG3;
				GENERATE_INFOPLIST_FILE = YES;
				IPHONEOS_DEPLOYMENT_TARGET = 13;
				MARKETING_VERSION = 1.0;
				PRODUCT_BUNDLE_IDENTIFIER = com.mkg.PSWeatherAppWeatherAPIEndToEndTests;
				PRODUCT_NAME = "$(TARGET_NAME)";
				SUPPORTED_PLATFORMS = "iphoneos iphonesimulator";
				SUPPORTS_MACCATALYST = NO;
				SUPPORTS_MAC_DESIGNED_FOR_IPHONE_IPAD = NO;
				SUPPORTS_XR_DESIGNED_FOR_IPHONE_IPAD = NO;
				SWIFT_EMIT_LOC_STRINGS = NO;
				SWIFT_VERSION = 5.0;
				TARGETED_DEVICE_FAMILY = 1;
				TEST_HOST = "$(BUILT_PRODUCTS_DIR)/PSWeatherApp.app/$(BUNDLE_EXECUTABLE_FOLDER_PATH)/PSWeatherApp";
			};
			name = Debug;
		};
		551405572B95B5AF00503711 /* Release */ = {
			isa = XCBuildConfiguration;
			buildSettings = {
				BUNDLE_LOADER = "$(TEST_HOST)";
				CODE_SIGN_STYLE = Automatic;
				CURRENT_PROJECT_VERSION = 1;
				DEVELOPMENT_TEAM = Q9ARVAPAG3;
				GENERATE_INFOPLIST_FILE = YES;
				IPHONEOS_DEPLOYMENT_TARGET = 13;
				MARKETING_VERSION = 1.0;
				PRODUCT_BUNDLE_IDENTIFIER = com.mkg.PSWeatherAppWeatherAPIEndToEndTests;
				PRODUCT_NAME = "$(TARGET_NAME)";
				SUPPORTED_PLATFORMS = "iphoneos iphonesimulator";
				SUPPORTS_MACCATALYST = NO;
				SUPPORTS_MAC_DESIGNED_FOR_IPHONE_IPAD = NO;
				SUPPORTS_XR_DESIGNED_FOR_IPHONE_IPAD = NO;
				SWIFT_EMIT_LOC_STRINGS = NO;
				SWIFT_VERSION = 5.0;
				TARGETED_DEVICE_FAMILY = 1;
				TEST_HOST = "$(BUILT_PRODUCTS_DIR)/PSWeatherApp.app/$(BUNDLE_EXECUTABLE_FOLDER_PATH)/PSWeatherApp";
			};
			name = Release;
		};
		55E36C192B93625E00CC9AEC /* Debug */ = {
			isa = XCBuildConfiguration;
			buildSettings = {
				ALWAYS_SEARCH_USER_PATHS = NO;
				ASSETCATALOG_COMPILER_GENERATE_SWIFT_ASSET_SYMBOL_EXTENSIONS = YES;
				CLANG_ANALYZER_NONNULL = YES;
				CLANG_ANALYZER_NUMBER_OBJECT_CONVERSION = YES_AGGRESSIVE;
				CLANG_CXX_LANGUAGE_STANDARD = "gnu++20";
				CLANG_ENABLE_MODULES = YES;
				CLANG_ENABLE_OBJC_ARC = YES;
				CLANG_ENABLE_OBJC_WEAK = YES;
				CLANG_WARN_BLOCK_CAPTURE_AUTORELEASING = YES;
				CLANG_WARN_BOOL_CONVERSION = YES;
				CLANG_WARN_COMMA = YES;
				CLANG_WARN_CONSTANT_CONVERSION = YES;
				CLANG_WARN_DEPRECATED_OBJC_IMPLEMENTATIONS = YES;
				CLANG_WARN_DIRECT_OBJC_ISA_USAGE = YES_ERROR;
				CLANG_WARN_DOCUMENTATION_COMMENTS = YES;
				CLANG_WARN_EMPTY_BODY = YES;
				CLANG_WARN_ENUM_CONVERSION = YES;
				CLANG_WARN_INFINITE_RECURSION = YES;
				CLANG_WARN_INT_CONVERSION = YES;
				CLANG_WARN_NON_LITERAL_NULL_CONVERSION = YES;
				CLANG_WARN_OBJC_IMPLICIT_RETAIN_SELF = YES;
				CLANG_WARN_OBJC_LITERAL_CONVERSION = YES;
				CLANG_WARN_OBJC_ROOT_CLASS = YES_ERROR;
				CLANG_WARN_QUOTED_INCLUDE_IN_FRAMEWORK_HEADER = YES;
				CLANG_WARN_RANGE_LOOP_ANALYSIS = YES;
				CLANG_WARN_STRICT_PROTOTYPES = YES;
				CLANG_WARN_SUSPICIOUS_MOVE = YES;
				CLANG_WARN_UNGUARDED_AVAILABILITY = YES_AGGRESSIVE;
				CLANG_WARN_UNREACHABLE_CODE = YES;
				CLANG_WARN__DUPLICATE_METHOD_MATCH = YES;
				COPY_PHASE_STRIP = NO;
				DEBUG_INFORMATION_FORMAT = dwarf;
				ENABLE_STRICT_OBJC_MSGSEND = YES;
				ENABLE_TESTABILITY = YES;
				ENABLE_USER_SCRIPT_SANDBOXING = YES;
				GCC_C_LANGUAGE_STANDARD = gnu17;
				GCC_DYNAMIC_NO_PIC = NO;
				GCC_NO_COMMON_BLOCKS = YES;
				GCC_OPTIMIZATION_LEVEL = 0;
				GCC_PREPROCESSOR_DEFINITIONS = (
					"DEBUG=1",
					"$(inherited)",
				);
				GCC_WARN_64_TO_32_BIT_CONVERSION = YES;
				GCC_WARN_ABOUT_RETURN_TYPE = YES_ERROR;
				GCC_WARN_UNDECLARED_SELECTOR = YES;
				GCC_WARN_UNINITIALIZED_AUTOS = YES_AGGRESSIVE;
				GCC_WARN_UNUSED_FUNCTION = YES;
				GCC_WARN_UNUSED_VARIABLE = YES;
				IPHONEOS_DEPLOYMENT_TARGET = 13.0;
				LOCALIZATION_PREFERS_STRING_CATALOGS = YES;
				MTL_ENABLE_DEBUG_INFO = INCLUDE_SOURCE;
				MTL_FAST_MATH = YES;
				ONLY_ACTIVE_ARCH = YES;
				SDKROOT = iphoneos;
				SWIFT_ACTIVE_COMPILATION_CONDITIONS = "DEBUG $(inherited)";
				SWIFT_OPTIMIZATION_LEVEL = "-Onone";
			};
			name = Debug;
		};
		55E36C1A2B93625E00CC9AEC /* Release */ = {
			isa = XCBuildConfiguration;
			buildSettings = {
				ALWAYS_SEARCH_USER_PATHS = NO;
				ASSETCATALOG_COMPILER_GENERATE_SWIFT_ASSET_SYMBOL_EXTENSIONS = YES;
				CLANG_ANALYZER_NONNULL = YES;
				CLANG_ANALYZER_NUMBER_OBJECT_CONVERSION = YES_AGGRESSIVE;
				CLANG_CXX_LANGUAGE_STANDARD = "gnu++20";
				CLANG_ENABLE_MODULES = YES;
				CLANG_ENABLE_OBJC_ARC = YES;
				CLANG_ENABLE_OBJC_WEAK = YES;
				CLANG_WARN_BLOCK_CAPTURE_AUTORELEASING = YES;
				CLANG_WARN_BOOL_CONVERSION = YES;
				CLANG_WARN_COMMA = YES;
				CLANG_WARN_CONSTANT_CONVERSION = YES;
				CLANG_WARN_DEPRECATED_OBJC_IMPLEMENTATIONS = YES;
				CLANG_WARN_DIRECT_OBJC_ISA_USAGE = YES_ERROR;
				CLANG_WARN_DOCUMENTATION_COMMENTS = YES;
				CLANG_WARN_EMPTY_BODY = YES;
				CLANG_WARN_ENUM_CONVERSION = YES;
				CLANG_WARN_INFINITE_RECURSION = YES;
				CLANG_WARN_INT_CONVERSION = YES;
				CLANG_WARN_NON_LITERAL_NULL_CONVERSION = YES;
				CLANG_WARN_OBJC_IMPLICIT_RETAIN_SELF = YES;
				CLANG_WARN_OBJC_LITERAL_CONVERSION = YES;
				CLANG_WARN_OBJC_ROOT_CLASS = YES_ERROR;
				CLANG_WARN_QUOTED_INCLUDE_IN_FRAMEWORK_HEADER = YES;
				CLANG_WARN_RANGE_LOOP_ANALYSIS = YES;
				CLANG_WARN_STRICT_PROTOTYPES = YES;
				CLANG_WARN_SUSPICIOUS_MOVE = YES;
				CLANG_WARN_UNGUARDED_AVAILABILITY = YES_AGGRESSIVE;
				CLANG_WARN_UNREACHABLE_CODE = YES;
				CLANG_WARN__DUPLICATE_METHOD_MATCH = YES;
				COPY_PHASE_STRIP = NO;
				DEBUG_INFORMATION_FORMAT = "dwarf-with-dsym";
				ENABLE_NS_ASSERTIONS = NO;
				ENABLE_STRICT_OBJC_MSGSEND = YES;
				ENABLE_USER_SCRIPT_SANDBOXING = YES;
				GCC_C_LANGUAGE_STANDARD = gnu17;
				GCC_NO_COMMON_BLOCKS = YES;
				GCC_WARN_64_TO_32_BIT_CONVERSION = YES;
				GCC_WARN_ABOUT_RETURN_TYPE = YES_ERROR;
				GCC_WARN_UNDECLARED_SELECTOR = YES;
				GCC_WARN_UNINITIALIZED_AUTOS = YES_AGGRESSIVE;
				GCC_WARN_UNUSED_FUNCTION = YES;
				GCC_WARN_UNUSED_VARIABLE = YES;
				IPHONEOS_DEPLOYMENT_TARGET = 13.0;
				LOCALIZATION_PREFERS_STRING_CATALOGS = YES;
				MTL_ENABLE_DEBUG_INFO = NO;
				MTL_FAST_MATH = YES;
				SDKROOT = iphoneos;
				SWIFT_COMPILATION_MODE = wholemodule;
				VALIDATE_PRODUCT = YES;
			};
			name = Release;
		};
		55E36C1C2B93625E00CC9AEC /* Debug */ = {
			isa = XCBuildConfiguration;
			buildSettings = {
				ASSETCATALOG_COMPILER_APPICON_NAME = AppIcon;
				ASSETCATALOG_COMPILER_GLOBAL_ACCENT_COLOR_NAME = AccentColor;
				CODE_SIGN_STYLE = Automatic;
				CURRENT_PROJECT_VERSION = 1;
				DEVELOPMENT_TEAM = Q9ARVAPAG3;
				GENERATE_INFOPLIST_FILE = YES;
				INFOPLIST_FILE = PSWeatherApp/Info.plist;
				INFOPLIST_KEY_CFBundleDisplayName = Weather;
				INFOPLIST_KEY_LSApplicationCategoryType = "public.app-category.weather";
				INFOPLIST_KEY_UIApplicationSupportsIndirectInputEvents = YES;
				INFOPLIST_KEY_UILaunchStoryboardName = LaunchScreen;
				INFOPLIST_KEY_UISupportedInterfaceOrientations = UIInterfaceOrientationPortrait;
				INFOPLIST_KEY_UISupportedInterfaceOrientations_iPad = "UIInterfaceOrientationLandscapeLeft UIInterfaceOrientationLandscapeRight UIInterfaceOrientationPortrait UIInterfaceOrientationPortraitUpsideDown";
				IPHONEOS_DEPLOYMENT_TARGET = 13.0;
				LD_RUNPATH_SEARCH_PATHS = (
					"$(inherited)",
					"@executable_path/Frameworks",
				);
				MARKETING_VERSION = 1.0;
				PRODUCT_BUNDLE_IDENTIFIER = com.mkg.PSWeatherApp;
				PRODUCT_NAME = "$(TARGET_NAME)";
				SUPPORTED_PLATFORMS = "iphoneos iphonesimulator";
				SUPPORTS_MACCATALYST = NO;
				SUPPORTS_MAC_DESIGNED_FOR_IPHONE_IPAD = NO;
				SUPPORTS_XR_DESIGNED_FOR_IPHONE_IPAD = NO;
				SWIFT_EMIT_LOC_STRINGS = YES;
				SWIFT_VERSION = 5.0;
				TARGETED_DEVICE_FAMILY = 1;
			};
			name = Debug;
		};
		55E36C1D2B93625E00CC9AEC /* Release */ = {
			isa = XCBuildConfiguration;
			buildSettings = {
				ASSETCATALOG_COMPILER_APPICON_NAME = AppIcon;
				ASSETCATALOG_COMPILER_GLOBAL_ACCENT_COLOR_NAME = AccentColor;
				CODE_SIGN_STYLE = Automatic;
				CURRENT_PROJECT_VERSION = 1;
				DEVELOPMENT_TEAM = Q9ARVAPAG3;
				GENERATE_INFOPLIST_FILE = YES;
				INFOPLIST_FILE = PSWeatherApp/Info.plist;
				INFOPLIST_KEY_CFBundleDisplayName = Weather;
				INFOPLIST_KEY_LSApplicationCategoryType = "public.app-category.weather";
				INFOPLIST_KEY_UIApplicationSupportsIndirectInputEvents = YES;
				INFOPLIST_KEY_UILaunchStoryboardName = LaunchScreen;
				INFOPLIST_KEY_UISupportedInterfaceOrientations = UIInterfaceOrientationPortrait;
				INFOPLIST_KEY_UISupportedInterfaceOrientations_iPad = "UIInterfaceOrientationLandscapeLeft UIInterfaceOrientationLandscapeRight UIInterfaceOrientationPortrait UIInterfaceOrientationPortraitUpsideDown";
				IPHONEOS_DEPLOYMENT_TARGET = 13.0;
				LD_RUNPATH_SEARCH_PATHS = (
					"$(inherited)",
					"@executable_path/Frameworks",
				);
				MARKETING_VERSION = 1.0;
				PRODUCT_BUNDLE_IDENTIFIER = com.mkg.PSWeatherApp;
				PRODUCT_NAME = "$(TARGET_NAME)";
				SUPPORTED_PLATFORMS = "iphoneos iphonesimulator";
				SUPPORTS_MACCATALYST = NO;
				SUPPORTS_MAC_DESIGNED_FOR_IPHONE_IPAD = NO;
				SUPPORTS_XR_DESIGNED_FOR_IPHONE_IPAD = NO;
				SWIFT_EMIT_LOC_STRINGS = YES;
				SWIFT_VERSION = 5.0;
				TARGETED_DEVICE_FAMILY = 1;
			};
			name = Release;
		};
		55E36C1F2B93625E00CC9AEC /* Debug */ = {
			isa = XCBuildConfiguration;
			buildSettings = {
				ALWAYS_EMBED_SWIFT_STANDARD_LIBRARIES = YES;
				BUNDLE_LOADER = "$(TEST_HOST)";
				CODE_SIGN_STYLE = Automatic;
				CURRENT_PROJECT_VERSION = 1;
				DEVELOPMENT_TEAM = Q9ARVAPAG3;
				GENERATE_INFOPLIST_FILE = YES;
				IPHONEOS_DEPLOYMENT_TARGET = 13;
				MARKETING_VERSION = 1.0;
				PRODUCT_BUNDLE_IDENTIFIER = com.mkg.PSWeatherAppTests;
				PRODUCT_NAME = "$(TARGET_NAME)";
				SWIFT_EMIT_LOC_STRINGS = NO;
				SWIFT_VERSION = 5.0;
				TARGETED_DEVICE_FAMILY = "1,2";
				TEST_HOST = "$(BUILT_PRODUCTS_DIR)/PSWeatherApp.app/$(BUNDLE_EXECUTABLE_FOLDER_PATH)/PSWeatherApp";
			};
			name = Debug;
		};
		55E36C202B93625E00CC9AEC /* Release */ = {
			isa = XCBuildConfiguration;
			buildSettings = {
				ALWAYS_EMBED_SWIFT_STANDARD_LIBRARIES = YES;
				BUNDLE_LOADER = "$(TEST_HOST)";
				CODE_SIGN_STYLE = Automatic;
				CURRENT_PROJECT_VERSION = 1;
				DEVELOPMENT_TEAM = Q9ARVAPAG3;
				GENERATE_INFOPLIST_FILE = YES;
				IPHONEOS_DEPLOYMENT_TARGET = 13;
				MARKETING_VERSION = 1.0;
				PRODUCT_BUNDLE_IDENTIFIER = com.mkg.PSWeatherAppTests;
				PRODUCT_NAME = "$(TARGET_NAME)";
				SWIFT_EMIT_LOC_STRINGS = NO;
				SWIFT_VERSION = 5.0;
				TARGETED_DEVICE_FAMILY = "1,2";
				TEST_HOST = "$(BUILT_PRODUCTS_DIR)/PSWeatherApp.app/$(BUNDLE_EXECUTABLE_FOLDER_PATH)/PSWeatherApp";
			};
			name = Release;
		};
		55E36C222B93625E00CC9AEC /* Debug */ = {
			isa = XCBuildConfiguration;
			buildSettings = {
				ALWAYS_EMBED_SWIFT_STANDARD_LIBRARIES = YES;
				CODE_SIGN_STYLE = Automatic;
				CURRENT_PROJECT_VERSION = 1;
				DEVELOPMENT_TEAM = Q9ARVAPAG3;
				GENERATE_INFOPLIST_FILE = YES;
				MARKETING_VERSION = 1.0;
				PRODUCT_BUNDLE_IDENTIFIER = com.mkg.PSWeatherAppUITests;
				PRODUCT_NAME = "$(TARGET_NAME)";
				SWIFT_EMIT_LOC_STRINGS = NO;
				SWIFT_VERSION = 5.0;
				TARGETED_DEVICE_FAMILY = "1,2";
				TEST_TARGET_NAME = PSWeatherApp;
			};
			name = Debug;
		};
		55E36C232B93625E00CC9AEC /* Release */ = {
			isa = XCBuildConfiguration;
			buildSettings = {
				ALWAYS_EMBED_SWIFT_STANDARD_LIBRARIES = YES;
				CODE_SIGN_STYLE = Automatic;
				CURRENT_PROJECT_VERSION = 1;
				DEVELOPMENT_TEAM = Q9ARVAPAG3;
				GENERATE_INFOPLIST_FILE = YES;
				MARKETING_VERSION = 1.0;
				PRODUCT_BUNDLE_IDENTIFIER = com.mkg.PSWeatherAppUITests;
				PRODUCT_NAME = "$(TARGET_NAME)";
				SWIFT_EMIT_LOC_STRINGS = NO;
				SWIFT_VERSION = 5.0;
				TARGETED_DEVICE_FAMILY = "1,2";
				TEST_TARGET_NAME = PSWeatherApp;
			};
			name = Release;
		};
/* End XCBuildConfiguration section */

/* Begin XCConfigurationList section */
		551405582B95B5AF00503711 /* Build configuration list for PBXNativeTarget "PSWeatherAppWeatherAPIEndToEndTests" */ = {
			isa = XCConfigurationList;
			buildConfigurations = (
				551405562B95B5AF00503711 /* Debug */,
				551405572B95B5AF00503711 /* Release */,
			);
			defaultConfigurationIsVisible = 0;
			defaultConfigurationName = Release;
		};
		55E36BEC2B93625C00CC9AEC /* Build configuration list for PBXProject "PSWeatherApp" */ = {
			isa = XCConfigurationList;
			buildConfigurations = (
				55E36C192B93625E00CC9AEC /* Debug */,
				55E36C1A2B93625E00CC9AEC /* Release */,
			);
			defaultConfigurationIsVisible = 0;
			defaultConfigurationName = Release;
		};
		55E36C1B2B93625E00CC9AEC /* Build configuration list for PBXNativeTarget "PSWeatherApp" */ = {
			isa = XCConfigurationList;
			buildConfigurations = (
				55E36C1C2B93625E00CC9AEC /* Debug */,
				55E36C1D2B93625E00CC9AEC /* Release */,
			);
			defaultConfigurationIsVisible = 0;
			defaultConfigurationName = Release;
		};
		55E36C1E2B93625E00CC9AEC /* Build configuration list for PBXNativeTarget "PSWeatherAppTests" */ = {
			isa = XCConfigurationList;
			buildConfigurations = (
				55E36C1F2B93625E00CC9AEC /* Debug */,
				55E36C202B93625E00CC9AEC /* Release */,
			);
			defaultConfigurationIsVisible = 0;
			defaultConfigurationName = Release;
		};
		55E36C212B93625E00CC9AEC /* Build configuration list for PBXNativeTarget "PSWeatherAppUITests" */ = {
			isa = XCConfigurationList;
			buildConfigurations = (
				55E36C222B93625E00CC9AEC /* Debug */,
				55E36C232B93625E00CC9AEC /* Release */,
			);
			defaultConfigurationIsVisible = 0;
			defaultConfigurationName = Release;
		};
/* End XCConfigurationList section */

/* Begin XCVersionGroup section */
		55E36C4A2B93C6DC00CC9AEC /* WeatherDataModel.xcdatamodeld */ = {
			isa = XCVersionGroup;
			children = (
				55E36C4B2B93C6DC00CC9AEC /* WeatherDataModel.xcdatamodel */,
			);
			currentVersion = 55E36C4B2B93C6DC00CC9AEC /* WeatherDataModel.xcdatamodel */;
			path = WeatherDataModel.xcdatamodeld;
			sourceTree = "<group>";
			versionGroupType = wrapper.xcdatamodel;
		};
/* End XCVersionGroup section */
	};
	rootObject = 55E36BE92B93625C00CC9AEC /* Project object */;
}
